
Microsoft Visual Studio Solution File, Format Version 12.00
# Visual Studio Version 17
VisualStudioVersion = 17.6.33829.357
MinimumVisualStudioVersion = 10.0.40219.1
Project("{FAE04EC0-301F-11D3-BF4B-00C04F79EFBC}") = "WpfApp1", "WpfApp1\WpfApp1.csproj", "{3C8C0426-D2EF-4701-AE3A-1AF5D242F824}"
EndProject
Global
	GlobalSection(SolutionConfigurationPlatforms) = preSolution
		Debug|Any CPU = Debug|Any CPU
		Release|Any CPU = Release|Any CPU
	EndGlobalSection
	GlobalSection(ProjectConfigurationPlatforms) = postSolution
		{3C8C0426-D2EF-4701-AE3A-1AF5D242F824}.Debug|Any CPU.ActiveCfg = Debug|Any CPU
		{3C8C0426-D2EF-4701-AE3A-1AF5D242F824}.Debug|Any CPU.Build.0 = Debug|Any CPU
		{3C8C0426-D2EF-4701-AE3A-1AF5D242F824}.Release|Any CPU.ActiveCfg = Release|Any CPU
		{3C8C0426-D2EF-4701-AE3A-1AF5D242F824}.Release|Any CPU.Build.0 = Release|Any CPU
	EndGlobalSection
	GlobalSection(SolutionProperties) = preSolution
		HideSolutionNode = FALSE
	EndGlobalSection
	GlobalSection(ExtensibilityGlobals) = postSolution
		SolutionGuid = {5AE55E10-8D0E-4DAD-9B7E-05C9FEBB14A1}
	EndGlobalSection
EndGlobal
